# This file is autogenerated, do not edit; changes may be undone by the next 'dep ensure'.


[[projects]]
  branch = "v2"
  name = "github.com/go-yaml/yaml"
  packages = ["."]
  revision = "eb3733d160e74a9c7e442f435eb3bea458e1d19f"

[[projects]]
  branch = "master"
  name = "golang.org/x/image"
  packages = ["riff","vp8","vp8l","webp"]
  revision = "f7e31b4ea2e3413ab91b4e7d2dc83e5f8d19a44c"

[solve-meta]
  analyzer-name = "dep"
  analyzer-version = 1
  inputs-digest = "79a72f0274204bbb2762863b1e380401c6c14e630fb3ab3cb9a9df230b5521af"
  solver-name = "gps-cdcl"
  solver-version = 1
